// !$*UTF8*$!
{
	archiveVersion = 1;
	classes = {
	};
	objectVersion = 54;
	objects = {

/* Begin PBXBuildFile section */
		"00BF60F1-5771-4340-A27D-E25837805E55" /* sample[piano].wav in Sources */ = {isa = PBXBuildFile; fileRef = "61F5F3D2-0020-4E37-BB6B-F8D7453B6159" /* sample[piano].wav */; };
		"05D9698B-D681-4A93-9461-A33CB4A94BF5" /* sample.mp3.asd in Sources */ = {isa = PBXBuildFile; fileRef = "8BC02256-D5C3-4261-81BF-5FF0C2075765" /* sample.mp3.asd */; };
		"0C424BD0-430A-4D20-8284-D632941E889D" /* ofxFft.cpp in Sources */ = {isa = PBXBuildFile; fileRef = "13E40D0A-98EA-4BD2-B463-E304A40AF3B9" /* ofxFft.cpp */; };
		"12EBBDB8-4DB5-4503-B642-36562992B95F" /* ofxBaseMidi.cpp in Sources */ = {isa = PBXBuildFile; fileRef = "B47E627C-6044-41E2-82BF-1BA6263DE17A" /* ofxBaseMidi.cpp */; };
		"212FE41F-75F4-49E4-B81C-CA2EE251E318" /* ofxSliderGroup.cpp in Sources */ = {isa = PBXBuildFile; fileRef = "2B5D0CEB-AF39-44F9-AA50-D9BA573B6968" /* ofxSliderGroup.cpp */; };
		"217D686A-14A4-4887-8FCD-18B207BC1551" /* ofxButton.cpp in Sources */ = {isa = PBXBuildFile; fileRef = "CBA463A4-A383-4EEA-9520-F8F7D27E2F77" /* ofxButton.cpp */; };
		"22133DC6-FA93-4D91-9909-E1A993035024" /* sample[drum.wav in Sources */ = {isa = PBXBuildFile; fileRef = "0624313A-EE7A-48AD-B5AA-CE1F71D3D368" /* sample[drum.wav */; };
		"24A78302-55E1-4907-84E0-DB191DF2BE6A" /* ofxFftBasic.cpp in Sources */ = {isa = PBXBuildFile; fileRef = "18FD32AC-2B1B-4AD1-AECA-CA08B518A426" /* ofxFftBasic.cpp */; };
		"25841E43-F152-48DD-B60E-E7B2B583125E" /* sample.mp3 in Sources */ = {isa = PBXBuildFile; fileRef = "5832A87A-378E-41D5-9377-7D1D90BD55D3" /* sample.mp3 */; };
		"2F8FDF99-C3A0-49FF-A0A2-2F601824A2E5" /* ofxMidiIn.cpp in Sources */ = {isa = PBXBuildFile; fileRef = "53625E8E-A345-4FEA-912E-EFCD62239D80" /* ofxMidiIn.cpp */; };
		"303450C6-5FA8-4157-87C7-D01DC275E753" /* ofxLabel.cpp in Sources */ = {isa = PBXBuildFile; fileRef = "7DE299D0-CEA3-44C4-95DF-DC4D732A3BB3" /* ofxLabel.cpp */; };
		"38AA1587-84F6-4FDE-88A3-AF32F3159947" /* MonoFilePlayer.cpp in Sources */ = {isa = PBXBuildFile; fileRef = "72B40851-CA8E-4FAB-ACE5-0A7ECDB3E639" /* MonoFilePlayer.cpp */; };
		"39E70F9A-2837-496F-8F1A-A79EA1BC76C1" /* CoreMIDI.framework in Frameworks */ = {isa = PBXBuildFile; fileRef = "17F94188-D01A-4590-B0A5-42687DFFE1F5" /* CoreMIDI.framework */; };
		"41531E72-1C28-4786-A9ED-537C0EAFC72C" /* sample[harmonic].wav in Sources */ = {isa = PBXBuildFile; fileRef = "C1497313-DA92-4909-A7CF-31173BD0E03A" /* sample[harmonic].wav */; };
		"508D070F-2610-43F6-AA0C-F2F6DB0F64F0" /* ofxMidiClock.cpp in Sources */ = {isa = PBXBuildFile; fileRef = "385436EE-E0BF-4B2E-A768-9234B9458AE0" /* ofxMidiClock.cpp */; };
		"55EDB285-D99C-42D5-96BF-8B766F956E29" /* ofxColorPicker.cpp in Sources */ = {isa = PBXBuildFile; fileRef = "FD99C941-59B1-4B07-A63B-1FAD1CABAD5E" /* ofxColorPicker.cpp */; };
		"56F36B86-1C4D-4E84-BA76-CDB66719AF99" /* FFT.cpp in Sources */ = {isa = PBXBuildFile; fileRef = "FE98A66D-716A-49FF-A91B-8E473AA90337" /* FFT.cpp */; };
		"5B70E1F8-FF72-4FD4-B153-11FF6F2DD5E0" /* AudioFileUtilities.cpp in Sources */ = {isa = PBXBuildFile; fileRef = "2CD429B7-6A58-49BD-A9A5-3927BE59F8F0" /* AudioFileUtilities.cpp */; };
		"600A2D41-42AB-4E8D-A3BF-FCEE3467F572" /* ofxDropdown.cpp in Sources */ = {isa = PBXBuildFile; fileRef = "C6276D91-1935-4ACB-8785-ABB6E1592074" /* ofxDropdown.cpp */; };
		"629ABD65-471B-482D-A1B2-0BB6D8105587" /* ofxFftw.cpp in Sources */ = {isa = PBXBuildFile; fileRef = "899D1E27-8BFF-4CBD-A4CD-2D95AAA2520E" /* ofxFftw.cpp */; };
		"67B80525-BD61-4D8D-9670-818A00FD617A" /* RtMidi.cpp in Sources */ = {isa = PBXBuildFile; fileRef = "15480DFF-4125-4050-B30B-70E9553C4053" /* RtMidi.cpp */; };
		"7E231438-B9D8-4EE5-86A9-1D4688D27FB3" /* ofxMidi.cpp in Sources */ = {isa = PBXBuildFile; fileRef = "1D097462-4566-4D4C-AC2C-DB036314A199" /* ofxMidi.cpp */; };
		"807704C5-0211-4068-9E32-052F200439C0" /* Processor.cpp in Sources */ = {isa = PBXBuildFile; fileRef = "98710BDB-BA4F-4AB2-B729-56BDAC6CB285" /* Processor.cpp */; };
		"826055D5-B7F8-41FB-B938-417EDA4DAB94" /* ofxSlider.cpp in Sources */ = {isa = PBXBuildFile; fileRef = "B7DCE8A4-0B4D-428B-A704-475EC761098D" /* ofxSlider.cpp */; };
		"89F49606-473F-4321-8DEB-66F574EAD10D" /* ofxInputField.cpp in Sources */ = {isa = PBXBuildFile; fileRef = "7240DD05-9211-4FE6-B45E-7FB268AB6572" /* ofxInputField.cpp */; };
		"91F227D9-F276-42ED-AC5D-84522475E41D" /* ofxBaseGui.cpp in Sources */ = {isa = PBXBuildFile; fileRef = "C909B765-C30C-4F34-8E64-B1810A4BE9AA" /* ofxBaseGui.cpp */; };
		"9530E727-89BA-422F-8473-ED27995C332E" /* ofxPanel.cpp in Sources */ = {isa = PBXBuildFile; fileRef = "1FBA158E-D901-4227-A107-7219C3B5A195" /* ofxPanel.cpp */; };
		"9602A11F-176F-4269-B118-077F9220B436" /* ofxGuiGroup.cpp in Sources */ = {isa = PBXBuildFile; fileRef = "C8FAB1A6-E271-4041-814B-692125428869" /* ofxGuiGroup.cpp */; };
		"9D39AE2E-5BD1-4881-9E4D-9730C38C9FF9" /* ofxDropdownOption.cpp in Sources */ = {isa = PBXBuildFile; fileRef = "81D73AFB-E5EF-480A-8A64-524947103F89" /* ofxDropdownOption.cpp */; };
		"A221DE59-6BC9-4A69-89D5-D576FD505BB8" /* ofxEasyFft.cpp in Sources */ = {isa = PBXBuildFile; fileRef = "2B24C6DF-C489-48A7-AFD6-0C9DF3F3A667" /* ofxEasyFft.cpp */; };
		"A4742F9B-C0BA-40D9-A2B0-BDA724193BED" /* Granular.cpp in Sources */ = {isa = PBXBuildFile; fileRef = "1B10D037-89B4-42A9-9C1A-C55BBBB2599D" /* Granular.cpp */; };
		AA4AE1402BAF58F500D15D2C /* EnvelopeFollower.cpp in Sources */ = {isa = PBXBuildFile; fileRef = AA4AE13E2BAF58F500D15D2C /* EnvelopeFollower.cpp */; };
		AA4AE1462BAF60EF00D15D2C /* UnitTests.cpp in Sources */ = {isa = PBXBuildFile; fileRef = AA4AE1442BAF60EF00D15D2C /* UnitTests.cpp */; };
		AAA686982B8F89230010E21A /* Spatializer.cpp in Sources */ = {isa = PBXBuildFile; fileRef = AAA686962B8F89230010E21A /* Spatializer.cpp */; };
		AAF1BC322BAA499F005EA5D9 /* GrainSliders.cpp in Sources */ = {isa = PBXBuildFile; fileRef = AAF1BC302BAA499F005EA5D9 /* GrainSliders.cpp */; };
		"B6EB79EB-EB65-40FD-A2E0-7FF3FC6B8DD9" /* ofxRtMidiOut.cpp in Sources */ = {isa = PBXBuildFile; fileRef = "78E3F4AF-D263-4C0C-8FB0-E8FD8B68AB34" /* ofxRtMidiOut.cpp */; };
		"BABE1C98-D0EF-4713-AF60-C3941A01DE4F" /* sample[voice].wav in Sources */ = {isa = PBXBuildFile; fileRef = "32E34F14-E0A7-469A-8CE1-30596E304D3F" /* sample[voice].wav */; };
		"BD60E349-9273-4010-A0FF-989F8EA7599D" /* ofxMidiTimecode.cpp in Sources */ = {isa = PBXBuildFile; fileRef = "A22F1A59-3563-43C2-86EB-EB00ABEE8672" /* ofxMidiTimecode.cpp */; };
		"C896A089-BF04-4B9A-AA7C-83A1FA066FD4" /* ofxMidiMessage.cpp in Sources */ = {isa = PBXBuildFile; fileRef = "3DF37DED-32AA-4D61-9C90-57495B824E81" /* ofxMidiMessage.cpp */; };
		"CAF18752-BCDC-43B5-BF6A-0241E91C3680" /* kiss_fft.c in Sources */ = {isa = PBXBuildFile; fileRef = "43D2990C-48E7-4FEA-8827-D1942943D3C9" /* kiss_fft.c */; };
		"D150EADE-1383-4370-A32F-942DC4CA0DBD" /* sample.wav.asd in Sources */ = {isa = PBXBuildFile; fileRef = "DD187FD6-6CFC-4F0D-A863-6D3C3703AF26" /* sample.wav.asd */; };
		"DE65360E-4A2A-4141-9244-673537EBE8D6" /* kiss_fftr.c in Sources */ = {isa = PBXBuildFile; fileRef = "7696301D-9A7E-45F8-9449-8FC62401CD22" /* kiss_fftr.c */; };
		"DEA942C3-62D7-4BBC-9F67-6CF5606CB509" /* video.mp4 in Sources */ = {isa = PBXBuildFile; fileRef = "17903009-15C5-41E1-B7C8-EC5107725494" /* video.mp4 */; };
		"E129C720-78E1-44C3-824F-977CB96C6F32" /* ofxToggle.cpp in Sources */ = {isa = PBXBuildFile; fileRef = "E5C156EA-01AA-4C29-824E-0C88A6C20B1C" /* ofxToggle.cpp */; };
		"E13ED800-978F-4ED5-9756-96F04585240A" /* ofxMidiOut.cpp in Sources */ = {isa = PBXBuildFile; fileRef = "0721D8E4-D0F3-49FB-A230-7004294C6FEA" /* ofxMidiOut.cpp */; };
		E4B69E200A3A1BDC003C02F2 /* main.cpp in Sources */ = {isa = PBXBuildFile; fileRef = E4B69E1D0A3A1BDC003C02F2 /* main.cpp */; };
		E4B69E210A3A1BDC003C02F2 /* ofApp.cpp in Sources */ = {isa = PBXBuildFile; fileRef = E4B69E1E0A3A1BDC003C02F2 /* ofApp.cpp */; };
		"EC3C8D9B-9959-41AD-ACA4-4EC5DB0460D0" /* ofxRtMidiIn.cpp in Sources */ = {isa = PBXBuildFile; fileRef = "A27C8287-E752-4989-A63F-6BF17A33F6E0" /* ofxRtMidiIn.cpp */; };
		"FE8B2920-EE1A-4DC7-AD90-395A4726C23F" /* ofxProcessFFT.cpp in Sources */ = {isa = PBXBuildFile; fileRef = "CFD43845-0725-4E48-B001-57A92D3AE084" /* ofxProcessFFT.cpp */; };
/* End PBXBuildFile section */

/* Begin PBXCopyFilesBuildPhase section */
		E4A5B60F29BAAAE400C2D356 /* CopyFiles */ = {
			isa = PBXCopyFilesBuildPhase;
			buildActionMask = 2147483647;
			dstPath = "";
			dstSubfolderSpec = 6;
			files = (
			);
			runOnlyForDeploymentPostprocessing = 0;
		};
		E4C2427710CC5ABF004149E2 /* CopyFiles */ = {
			isa = PBXCopyFilesBuildPhase;
			buildActionMask = 2147483647;
			dstPath = "";
			dstSubfolderSpec = 10;
			files = (
			);
			runOnlyForDeploymentPostprocessing = 0;
		};
/* End PBXCopyFilesBuildPhase section */

/* Begin PBXFileReference section */
		"018781CB-AD21-4051-A14B-998E7A69C408" /* ofxMidiClock.h */ = {isa = PBXFileReference; explicitFileType = sourcecode.c.h; fileEncoding = 4; name = ofxMidiClock.h; path = ../../../addons/ofxMidi/src/ofxMidiClock.h; sourceTree = SOURCE_ROOT; };
		"0624313A-EE7A-48AD-B5AA-CE1F71D3D368" /* sample[drum.wav */ = {isa = PBXFileReference; explicitFileType = file; fileEncoding = 4; name = "sample[drum.wav"; path = "src/sample[drum.wav"; sourceTree = SOURCE_ROOT; };
		"0721D8E4-D0F3-49FB-A230-7004294C6FEA" /* ofxMidiOut.cpp */ = {isa = PBXFileReference; explicitFileType = sourcecode.cpp.cpp; fileEncoding = 4; name = ofxMidiOut.cpp; path = ../../../addons/ofxMidi/src/ofxMidiOut.cpp; sourceTree = SOURCE_ROOT; };
		"13E40D0A-98EA-4BD2-B463-E304A40AF3B9" /* ofxFft.cpp */ = {isa = PBXFileReference; explicitFileType = sourcecode.cpp.cpp; fileEncoding = 4; name = ofxFft.cpp; path = ../../../addons/ofxFft/src/ofxFft.cpp; sourceTree = SOURCE_ROOT; };
		"15480DFF-4125-4050-B30B-70E9553C4053" /* RtMidi.cpp */ = {isa = PBXFileReference; explicitFileType = sourcecode.cpp.cpp; fileEncoding = 4; name = RtMidi.cpp; path = ../../../addons/ofxMidi/libs/rtmidi/RtMidi.cpp; sourceTree = SOURCE_ROOT; };
		"15E7CACE-ABC0-48F7-BA25-D14510FAA686" /* ofxColorPicker.h */ = {isa = PBXFileReference; explicitFileType = sourcecode.c.h; fileEncoding = 4; name = ofxColorPicker.h; path = ../../../addons/ofxGui/src/ofxColorPicker.h; sourceTree = SOURCE_ROOT; };
		"17903009-15C5-41E1-B7C8-EC5107725494" /* video.mp4 */ = {isa = PBXFileReference; explicitFileType = file; fileEncoding = 4; name = video.mp4; path = src/video.mp4; sourceTree = SOURCE_ROOT; };
		"17F94188-D01A-4590-B0A5-42687DFFE1F5" /* CoreMIDI.framework */ = {isa = PBXFileReference; lastKnownFileType = wrapper.framework; name = CoreMIDI.framework; path = /System/Library/Frameworks/CoreMIDI.framework; sourceTree = SOURCE_ROOT; };
		"18FD32AC-2B1B-4AD1-AECA-CA08B518A426" /* ofxFftBasic.cpp */ = {isa = PBXFileReference; explicitFileType = sourcecode.cpp.cpp; fileEncoding = 4; name = ofxFftBasic.cpp; path = ../../../addons/ofxFft/src/ofxFftBasic.cpp; sourceTree = SOURCE_ROOT; };
		191CD6FA2847E21E0085CBB6 /* of.entitlements */ = {isa = PBXFileReference; fileEncoding = 4; lastKnownFileType = text.plist.entitlements; path = of.entitlements; sourceTree = "<group>"; };
		191EF70929D778A400F35F26 /* openFrameworks */ = {isa = PBXFileReference; lastKnownFileType = folder; name = openFrameworks; path = ../../../libs/openFrameworks; sourceTree = SOURCE_ROOT; };
		"1B10D037-89B4-42A9-9C1A-C55BBBB2599D" /* Granular.cpp */ = {isa = PBXFileReference; explicitFileType = sourcecode.cpp.cpp; fileEncoding = 4; name = Granular.cpp; path = src/Granular.cpp; sourceTree = SOURCE_ROOT; };
		"1C815B59-DF13-428B-9035-DC5E8860A36B" /* ofxLabel.h */ = {isa = PBXFileReference; explicitFileType = sourcecode.c.h; fileEncoding = 4; name = ofxLabel.h; path = ../../../addons/ofxGui/src/ofxLabel.h; sourceTree = SOURCE_ROOT; };
		"1D097462-4566-4D4C-AC2C-DB036314A199" /* ofxMidi.cpp */ = {isa = PBXFileReference; explicitFileType = sourcecode.cpp.cpp; fileEncoding = 4; name = ofxMidi.cpp; path = ../../../addons/ofxMidi/src/ofxMidi.cpp; sourceTree = SOURCE_ROOT; };
		"1FBA158E-D901-4227-A107-7219C3B5A195" /* ofxPanel.cpp */ = {isa = PBXFileReference; explicitFileType = sourcecode.cpp.cpp; fileEncoding = 4; name = ofxPanel.cpp; path = ../../../addons/ofxGui/src/ofxPanel.cpp; sourceTree = SOURCE_ROOT; };
		"1FFA4F23-505D-49F9-B4F6-9825FA80295E" /* ofxMidiMessage.h */ = {isa = PBXFileReference; explicitFileType = sourcecode.c.h; fileEncoding = 4; name = ofxMidiMessage.h; path = ../../../addons/ofxMidi/src/ofxMidiMessage.h; sourceTree = SOURCE_ROOT; };
		"2150CAB2-E96B-4800-A8DA-4A5305538473" /* ofxGui.h */ = {isa = PBXFileReference; explicitFileType = sourcecode.c.h; fileEncoding = 4; name = ofxGui.h; path = ../../../addons/ofxGui/src/ofxGui.h; sourceTree = SOURCE_ROOT; };
		"2B24C6DF-C489-48A7-AFD6-0C9DF3F3A667" /* ofxEasyFft.cpp */ = {isa = PBXFileReference; explicitFileType = sourcecode.cpp.cpp; fileEncoding = 4; name = ofxEasyFft.cpp; path = ../../../addons/ofxFft/src/ofxEasyFft.cpp; sourceTree = SOURCE_ROOT; };
		"2B5D0CEB-AF39-44F9-AA50-D9BA573B6968" /* ofxSliderGroup.cpp */ = {isa = PBXFileReference; explicitFileType = sourcecode.cpp.cpp; fileEncoding = 4; name = ofxSliderGroup.cpp; path = ../../../addons/ofxGui/src/ofxSliderGroup.cpp; sourceTree = SOURCE_ROOT; };
		"2CD429B7-6A58-49BD-A9A5-3927BE59F8F0" /* AudioFileUtilities.cpp */ = {isa = PBXFileReference; explicitFileType = sourcecode.cpp.cpp; fileEncoding = 4; name = AudioFileUtilities.cpp; path = src/AudioFileUtilities.cpp; sourceTree = SOURCE_ROOT; };
		"2D9D77FE-9823-4CF2-90F2-7CAF0E54729D" /* fftw3.h */ = {isa = PBXFileReference; explicitFileType = sourcecode.c.h; fileEncoding = 4; name = fftw3.h; path = ../../../addons/ofxFft/libs/fftw/include/fftw3.h; sourceTree = SOURCE_ROOT; };
		"300D5477-7F15-4B40-A7E4-FB16C311A379" /* ofxMidiTypes.h */ = {isa = PBXFileReference; explicitFileType = sourcecode.c.h; fileEncoding = 4; name = ofxMidiTypes.h; path = ../../../addons/ofxMidi/src/ofxMidiTypes.h; sourceTree = SOURCE_ROOT; };
		"306DFAF3-F125-44FE-8C3C-2B7A12673283" /* ofxSlider.h */ = {isa = PBXFileReference; explicitFileType = sourcecode.c.h; fileEncoding = 4; name = ofxSlider.h; path = ../../../addons/ofxGui/src/ofxSlider.h; sourceTree = SOURCE_ROOT; };
		"32E34F14-E0A7-469A-8CE1-30596E304D3F" /* sample[voice].wav */ = {isa = PBXFileReference; explicitFileType = file; fileEncoding = 4; name = "sample[voice].wav"; path = "src/sample[voice].wav"; sourceTree = SOURCE_ROOT; };
		"385436EE-E0BF-4B2E-A768-9234B9458AE0" /* ofxMidiClock.cpp */ = {isa = PBXFileReference; explicitFileType = sourcecode.cpp.cpp; fileEncoding = 4; name = ofxMidiClock.cpp; path = ../../../addons/ofxMidi/src/ofxMidiClock.cpp; sourceTree = SOURCE_ROOT; };
		"3DF37DED-32AA-4D61-9C90-57495B824E81" /* ofxMidiMessage.cpp */ = {isa = PBXFileReference; explicitFileType = sourcecode.cpp.cpp; fileEncoding = 4; name = ofxMidiMessage.cpp; path = ../../../addons/ofxMidi/src/ofxMidiMessage.cpp; sourceTree = SOURCE_ROOT; };
		"43D2990C-48E7-4FEA-8827-D1942943D3C9" /* kiss_fft.c */ = {isa = PBXFileReference; explicitFileType = sourcecode.c.c; fileEncoding = 4; name = kiss_fft.c; path = ../../../addons/ofxFft/libs/kiss/kiss_fft.c; sourceTree = SOURCE_ROOT; };
		"4DCBB30C-6B3F-42BD-B2D7-F3060CC93748" /* ofxMidi.h */ = {isa = PBXFileReference; explicitFileType = sourcecode.c.h; fileEncoding = 4; name = ofxMidi.h; path = ../../../addons/ofxMidi/src/ofxMidi.h; sourceTree = SOURCE_ROOT; };
		"501D652F-B47A-4100-BFE7-B2050F6843B7" /* ofxDropdownOption.hpp */ = {isa = PBXFileReference; explicitFileType = sourcecode.c.h; fileEncoding = 4; name = ofxDropdownOption.hpp; path = ../../../addons/ofxDropdown/src/ofxDropdownOption.hpp; sourceTree = SOURCE_ROOT; };
		"53625E8E-A345-4FEA-912E-EFCD62239D80" /* ofxMidiIn.cpp */ = {isa = PBXFileReference; explicitFileType = sourcecode.cpp.cpp; fileEncoding = 4; name = ofxMidiIn.cpp; path = ../../../addons/ofxMidi/src/ofxMidiIn.cpp; sourceTree = SOURCE_ROOT; };
		"565A6194-8509-432B-9CA0-BCC6F876F3B2" /* Processor.hpp */ = {isa = PBXFileReference; explicitFileType = sourcecode.c.h; fileEncoding = 4; name = Processor.hpp; path = src/Processor.hpp; sourceTree = SOURCE_ROOT; };
		"56E346E2-1F45-4EAF-84B8-3C45B0B051A2" /* ofxPanel.h */ = {isa = PBXFileReference; explicitFileType = sourcecode.c.h; fileEncoding = 4; name = ofxPanel.h; path = ../../../addons/ofxGui/src/ofxPanel.h; sourceTree = SOURCE_ROOT; };
		"5832A87A-378E-41D5-9377-7D1D90BD55D3" /* sample.mp3 */ = {isa = PBXFileReference; explicitFileType = file; fileEncoding = 4; name = sample.mp3; path = src/sample.mp3; sourceTree = SOURCE_ROOT; };
		"59F7F914-BA9E-4715-88BF-1C47C31D827C" /* ofxGuiGroup.h */ = {isa = PBXFileReference; explicitFileType = sourcecode.c.h; fileEncoding = 4; name = ofxGuiGroup.h; path = ../../../addons/ofxGui/src/ofxGuiGroup.h; sourceTree = SOURCE_ROOT; };
		"61F5F3D2-0020-4E37-BB6B-F8D7453B6159" /* sample[piano].wav */ = {isa = PBXFileReference; explicitFileType = file; fileEncoding = 4; name = "sample[piano].wav"; path = "src/sample[piano].wav"; sourceTree = SOURCE_ROOT; };
		"63D01AA6-2C23-48EE-A130-64E8FCF33B89" /* _kiss_fft_guts.h */ = {isa = PBXFileReference; explicitFileType = sourcecode.c.h; fileEncoding = 4; name = _kiss_fft_guts.h; path = ../../../addons/ofxFft/libs/kiss/_kiss_fft_guts.h; sourceTree = SOURCE_ROOT; };
		"69552FCA-95FD-403A-8A10-E71F3FD25252" /* ofxDropdown.h */ = {isa = PBXFileReference; explicitFileType = sourcecode.c.h; fileEncoding = 4; name = ofxDropdown.h; path = ../../../addons/ofxDropdown/src/ofxDropdown.h; sourceTree = SOURCE_ROOT; };
		"69B3BBF4-FEE3-4B78-8A04-93D29D892517" /* RtMidi.h */ = {isa = PBXFileReference; explicitFileType = sourcecode.c.h; fileEncoding = 4; name = RtMidi.h; path = ../../../addons/ofxMidi/libs/rtmidi/RtMidi.h; sourceTree = SOURCE_ROOT; };
		"6D53307B-E22E-4945-A80E-AE0A2556F449" /* ofxRtMidiIn.h */ = {isa = PBXFileReference; explicitFileType = sourcecode.c.h; fileEncoding = 4; name = ofxRtMidiIn.h; path = ../../../addons/ofxMidi/src/desktop/ofxRtMidiIn.h; sourceTree = SOURCE_ROOT; };
		"7240DD05-9211-4FE6-B45E-7FB268AB6572" /* ofxInputField.cpp */ = {isa = PBXFileReference; explicitFileType = sourcecode.cpp.cpp; fileEncoding = 4; name = ofxInputField.cpp; path = ../../../addons/ofxGui/src/ofxInputField.cpp; sourceTree = SOURCE_ROOT; };
		"72B40851-CA8E-4FAB-ACE5-0A7ECDB3E639" /* MonoFilePlayer.cpp */ = {isa = PBXFileReference; explicitFileType = sourcecode.cpp.cpp; fileEncoding = 4; name = MonoFilePlayer.cpp; path = src/MonoFilePlayer.cpp; sourceTree = SOURCE_ROOT; };
		"7696301D-9A7E-45F8-9449-8FC62401CD22" /* kiss_fftr.c */ = {isa = PBXFileReference; explicitFileType = sourcecode.c.c; fileEncoding = 4; name = kiss_fftr.c; path = ../../../addons/ofxFft/libs/kiss/kiss_fftr.c; sourceTree = SOURCE_ROOT; };
		"78E3F4AF-D263-4C0C-8FB0-E8FD8B68AB34" /* ofxRtMidiOut.cpp */ = {isa = PBXFileReference; explicitFileType = sourcecode.cpp.cpp; fileEncoding = 4; name = ofxRtMidiOut.cpp; path = ../../../addons/ofxMidi/src/desktop/ofxRtMidiOut.cpp; sourceTree = SOURCE_ROOT; };
		"7A791DA1-4076-4662-AD7B-1B9953DDC8CC" /* ofxProcessFFT.h */ = {isa = PBXFileReference; explicitFileType = sourcecode.c.h; fileEncoding = 4; name = ofxProcessFFT.h; path = ../../../addons/ofxFft/src/ofxProcessFFT.h; sourceTree = SOURCE_ROOT; };
		"7BDBA238-D614-4B4A-8CD0-92C514A82EE3" /* ofxBaseMidi.h */ = {isa = PBXFileReference; explicitFileType = sourcecode.c.h; fileEncoding = 4; name = ofxBaseMidi.h; path = ../../../addons/ofxMidi/src/ofxBaseMidi.h; sourceTree = SOURCE_ROOT; };
		"7DE299D0-CEA3-44C4-95DF-DC4D732A3BB3" /* ofxLabel.cpp */ = {isa = PBXFileReference; explicitFileType = sourcecode.cpp.cpp; fileEncoding = 4; name = ofxLabel.cpp; path = ../../../addons/ofxGui/src/ofxLabel.cpp; sourceTree = SOURCE_ROOT; };
		"81D73AFB-E5EF-480A-8A64-524947103F89" /* ofxDropdownOption.cpp */ = {isa = PBXFileReference; explicitFileType = sourcecode.cpp.cpp; fileEncoding = 4; name = ofxDropdownOption.cpp; path = ../../../addons/ofxDropdown/src/ofxDropdownOption.cpp; sourceTree = SOURCE_ROOT; };
		"82057502-9893-476C-B6B3-94F72368CC9A" /* ofxMidiConstants.h */ = {isa = PBXFileReference; explicitFileType = sourcecode.c.h; fileEncoding = 4; name = ofxMidiConstants.h; path = ../../../addons/ofxMidi/src/ofxMidiConstants.h; sourceTree = SOURCE_ROOT; };
		"8989A13D-1BB5-489D-BB58-1D0839AEDA7F" /* Granular.hpp */ = {isa = PBXFileReference; explicitFileType = sourcecode.c.h; fileEncoding = 4; name = Granular.hpp; path = src/Granular.hpp; sourceTree = SOURCE_ROOT; };
		"899D1E27-8BFF-4CBD-A4CD-2D95AAA2520E" /* ofxFftw.cpp */ = {isa = PBXFileReference; explicitFileType = sourcecode.cpp.cpp; fileEncoding = 4; name = ofxFftw.cpp; path = ../../../addons/ofxFft/src/ofxFftw.cpp; sourceTree = SOURCE_ROOT; };
		"8BC02256-D5C3-4261-81BF-5FF0C2075765" /* sample.mp3.asd */ = {isa = PBXFileReference; explicitFileType = file; fileEncoding = 4; name = sample.mp3.asd; path = src/sample.mp3.asd; sourceTree = SOURCE_ROOT; };
		"98710BDB-BA4F-4AB2-B729-56BDAC6CB285" /* Processor.cpp */ = {isa = PBXFileReference; explicitFileType = sourcecode.cpp.cpp; fileEncoding = 4; name = Processor.cpp; path = src/Processor.cpp; sourceTree = SOURCE_ROOT; };
		"9E0FDD2A-8012-44E0-AA19-634A7C574DE0" /* Utils.h */ = {isa = PBXFileReference; explicitFileType = sourcecode.c.h; fileEncoding = 4; name = Utils.h; path = src/Utils.h; sourceTree = SOURCE_ROOT; };
		"A22F1A59-3563-43C2-86EB-EB00ABEE8672" /* ofxMidiTimecode.cpp */ = {isa = PBXFileReference; explicitFileType = sourcecode.cpp.cpp; fileEncoding = 4; name = ofxMidiTimecode.cpp; path = ../../../addons/ofxMidi/src/ofxMidiTimecode.cpp; sourceTree = SOURCE_ROOT; };
		"A27C8287-E752-4989-A63F-6BF17A33F6E0" /* ofxRtMidiIn.cpp */ = {isa = PBXFileReference; explicitFileType = sourcecode.cpp.cpp; fileEncoding = 4; name = ofxRtMidiIn.cpp; path = ../../../addons/ofxMidi/src/desktop/ofxRtMidiIn.cpp; sourceTree = SOURCE_ROOT; };
		"A2A0578F-1C44-494C-A035-3686295E7C98" /* ofxEasyFft.h */ = {isa = PBXFileReference; explicitFileType = sourcecode.c.h; fileEncoding = 4; name = ofxEasyFft.h; path = ../../../addons/ofxFft/src/ofxEasyFft.h; sourceTree = SOURCE_ROOT; };
		"A672337E-76F3-42BC-A9AB-3B7A9E1B8F98" /* ofxMidiIn.h */ = {isa = PBXFileReference; explicitFileType = sourcecode.c.h; fileEncoding = 4; name = ofxMidiIn.h; path = ../../../addons/ofxMidi/src/ofxMidiIn.h; sourceTree = SOURCE_ROOT; };
		AA4AE13E2BAF58F500D15D2C /* EnvelopeFollower.cpp */ = {isa = PBXFileReference; lastKnownFileType = sourcecode.cpp.cpp; path = EnvelopeFollower.cpp; sourceTree = "<group>"; };
		AA4AE13F2BAF58F500D15D2C /* EnvelopeFollower.hpp */ = {isa = PBXFileReference; lastKnownFileType = sourcecode.cpp.h; path = EnvelopeFollower.hpp; sourceTree = "<group>"; };
		AA4AE1442BAF60EF00D15D2C /* UnitTests.cpp */ = {isa = PBXFileReference; lastKnownFileType = sourcecode.cpp.cpp; path = UnitTests.cpp; sourceTree = "<group>"; };
		AA4AE1452BAF60EF00D15D2C /* UnitTests.hpp */ = {isa = PBXFileReference; lastKnownFileType = sourcecode.cpp.h; path = UnitTests.hpp; sourceTree = "<group>"; };
		AA4AE1482BAF617B00D15D2C /* EnvelopeFollowerTests.hpp */ = {isa = PBXFileReference; lastKnownFileType = sourcecode.cpp.h; name = EnvelopeFollowerTests.hpp; path = EnvelopeFollowerTests/EnvelopeFollowerTests.hpp; sourceTree = "<group>"; };
		AAA686962B8F89230010E21A /* Spatializer.cpp */ = {isa = PBXFileReference; lastKnownFileType = sourcecode.cpp.cpp; name = Spatializer.cpp; path = Spatial/Spatializer.cpp; sourceTree = "<group>"; };
		AAA686972B8F89230010E21A /* Spatializer.hpp */ = {isa = PBXFileReference; lastKnownFileType = sourcecode.cpp.h; name = Spatializer.hpp; path = Spatial/Spatializer.hpp; sourceTree = "<group>"; };
		"AAADB988-9126-4535-801A-E7A48E1CFCC6" /* ofxFftw.h */ = {isa = PBXFileReference; explicitFileType = sourcecode.c.h; fileEncoding = 4; name = ofxFftw.h; path = ../../../addons/ofxFft/src/ofxFftw.h; sourceTree = SOURCE_ROOT; };
		AAF1BC302BAA499F005EA5D9 /* GrainSliders.cpp */ = {isa = PBXFileReference; lastKnownFileType = sourcecode.cpp.cpp; name = GrainSliders.cpp; path = gui/GrainSliders.cpp; sourceTree = "<group>"; };
		AAF1BC312BAA499F005EA5D9 /* GrainSliders.hpp */ = {isa = PBXFileReference; lastKnownFileType = sourcecode.cpp.h; name = GrainSliders.hpp; path = gui/GrainSliders.hpp; sourceTree = "<group>"; };
		"ABD1035C-9132-431B-8DB1-A1FDDFE2850D" /* kiss_fft.h */ = {isa = PBXFileReference; explicitFileType = sourcecode.c.h; fileEncoding = 4; name = kiss_fft.h; path = ../../../addons/ofxFft/libs/kiss/kiss_fft.h; sourceTree = SOURCE_ROOT; };
		"B47E627C-6044-41E2-82BF-1BA6263DE17A" /* ofxBaseMidi.cpp */ = {isa = PBXFileReference; explicitFileType = sourcecode.cpp.cpp; fileEncoding = 4; name = ofxBaseMidi.cpp; path = ../../../addons/ofxMidi/src/ofxBaseMidi.cpp; sourceTree = SOURCE_ROOT; };
		"B7DCE8A4-0B4D-428B-A704-475EC761098D" /* ofxSlider.cpp */ = {isa = PBXFileReference; explicitFileType = sourcecode.cpp.cpp; fileEncoding = 4; name = ofxSlider.cpp; path = ../../../addons/ofxGui/src/ofxSlider.cpp; sourceTree = SOURCE_ROOT; };
		"C1497313-DA92-4909-A7CF-31173BD0E03A" /* sample[harmonic].wav */ = {isa = PBXFileReference; explicitFileType = file; fileEncoding = 4; name = "sample[harmonic].wav"; path = "src/sample[harmonic].wav"; sourceTree = SOURCE_ROOT; };
		"C598FEE3-EFC2-43F6-9CF9-2E1993793C5C" /* ofxGuiUtils.h */ = {isa = PBXFileReference; explicitFileType = sourcecode.c.h; fileEncoding = 4; name = ofxGuiUtils.h; path = ../../../addons/ofxGui/src/ofxGuiUtils.h; sourceTree = SOURCE_ROOT; };
		"C6276D91-1935-4ACB-8785-ABB6E1592074" /* ofxDropdown.cpp */ = {isa = PBXFileReference; explicitFileType = sourcecode.cpp.cpp; fileEncoding = 4; name = ofxDropdown.cpp; path = ../../../addons/ofxDropdown/src/ofxDropdown.cpp; sourceTree = SOURCE_ROOT; };
		"C67ED31F-CF5B-4BF8-AE57-CBA05D4F328D" /* AudioFile.h */ = {isa = PBXFileReference; explicitFileType = sourcecode.c.h; fileEncoding = 4; name = AudioFile.h; path = src/AudioFile.h; sourceTree = SOURCE_ROOT; };
		"C780CB2D-3834-4C54-B1D0-FE60CF317382" /* ofxInputField.h */ = {isa = PBXFileReference; explicitFileType = sourcecode.c.h; fileEncoding = 4; name = ofxInputField.h; path = ../../../addons/ofxGui/src/ofxInputField.h; sourceTree = SOURCE_ROOT; };
		"C8FAB1A6-E271-4041-814B-692125428869" /* ofxGuiGroup.cpp */ = {isa = PBXFileReference; explicitFileType = sourcecode.cpp.cpp; fileEncoding = 4; name = ofxGuiGroup.cpp; path = ../../../addons/ofxGui/src/ofxGuiGroup.cpp; sourceTree = SOURCE_ROOT; };
		"C909B765-C30C-4F34-8E64-B1810A4BE9AA" /* ofxBaseGui.cpp */ = {isa = PBXFileReference; explicitFileType = sourcecode.cpp.cpp; fileEncoding = 4; name = ofxBaseGui.cpp; path = ../../../addons/ofxGui/src/ofxBaseGui.cpp; sourceTree = SOURCE_ROOT; };
		"CBA463A4-A383-4EEA-9520-F8F7D27E2F77" /* ofxButton.cpp */ = {isa = PBXFileReference; explicitFileType = sourcecode.cpp.cpp; fileEncoding = 4; name = ofxButton.cpp; path = ../../../addons/ofxGui/src/ofxButton.cpp; sourceTree = SOURCE_ROOT; };
		"CBFAEC5F-252D-4B10-B4D0-0A16E04CEB39" /* ofxBaseGui.h */ = {isa = PBXFileReference; explicitFileType = sourcecode.c.h; fileEncoding = 4; name = ofxBaseGui.h; path = ../../../addons/ofxGui/src/ofxBaseGui.h; sourceTree = SOURCE_ROOT; };
		"CD4F01D4-79DC-4E07-B0F7-E5BD03775628" /* MonoFilePlayer.h */ = {isa = PBXFileReference; explicitFileType = sourcecode.c.h; fileEncoding = 4; name = MonoFilePlayer.h; path = src/MonoFilePlayer.h; sourceTree = SOURCE_ROOT; };
		"CFD43845-0725-4E48-B001-57A92D3AE084" /* ofxProcessFFT.cpp */ = {isa = PBXFileReference; explicitFileType = sourcecode.cpp.cpp; fileEncoding = 4; name = ofxProcessFFT.cpp; path = ../../../addons/ofxFft/src/ofxProcessFFT.cpp; sourceTree = SOURCE_ROOT; };
		"D27B082E-D421-433D-AABF-88026466C5B2" /* ofxToggle.h */ = {isa = PBXFileReference; explicitFileType = sourcecode.c.h; fileEncoding = 4; name = ofxToggle.h; path = ../../../addons/ofxGui/src/ofxToggle.h; sourceTree = SOURCE_ROOT; };
		"D861A0D0-82D8-48EE-9752-9B74569A2C88" /* kiss_fftr.h */ = {isa = PBXFileReference; explicitFileType = sourcecode.c.h; fileEncoding = 4; name = kiss_fftr.h; path = ../../../addons/ofxFft/libs/kiss/kiss_fftr.h; sourceTree = SOURCE_ROOT; };
		"DD187FD6-6CFC-4F0D-A863-6D3C3703AF26" /* sample.wav.asd */ = {isa = PBXFileReference; explicitFileType = file; fileEncoding = 4; name = sample.wav.asd; path = src/sample.wav.asd; sourceTree = SOURCE_ROOT; };
		"DD848FFD-3F2E-4A42-B636-67D01A008920" /* FFT.hpp */ = {isa = PBXFileReference; explicitFileType = sourcecode.c.h; fileEncoding = 4; name = FFT.hpp; path = src/FFT.hpp; sourceTree = SOURCE_ROOT; };
		E4B69B5B0A3A1756003C02F2 /* granularDebug.app */ = {isa = PBXFileReference; explicitFileType = wrapper.application; includeInIndex = 0; path = granularDebug.app; sourceTree = BUILT_PRODUCTS_DIR; };
		E4B69E1D0A3A1BDC003C02F2 /* main.cpp */ = {isa = PBXFileReference; fileEncoding = 4; lastKnownFileType = sourcecode.cpp.cpp; name = main.cpp; path = src/main.cpp; sourceTree = SOURCE_ROOT; };
		E4B69E1E0A3A1BDC003C02F2 /* ofApp.cpp */ = {isa = PBXFileReference; explicitFileType = sourcecode.cpp.cpp; fileEncoding = 4; name = ofApp.cpp; path = src/ofApp.cpp; sourceTree = SOURCE_ROOT; };
		E4B69E1F0A3A1BDC003C02F2 /* ofApp.h */ = {isa = PBXFileReference; fileEncoding = 4; lastKnownFileType = sourcecode.c.h; name = ofApp.h; path = src/ofApp.h; sourceTree = SOURCE_ROOT; };
		E4B6FCAD0C3E899E008CF71C /* openFrameworks-Info.plist */ = {isa = PBXFileReference; fileEncoding = 4; lastKnownFileType = text.plist.xml; path = "openFrameworks-Info.plist"; sourceTree = "<group>"; };
		E4EB6923138AFD0F00A09F29 /* Project.xcconfig */ = {isa = PBXFileReference; fileEncoding = 4; lastKnownFileType = text.xcconfig; path = Project.xcconfig; sourceTree = "<group>"; };
		"E5C156EA-01AA-4C29-824E-0C88A6C20B1C" /* ofxToggle.cpp */ = {isa = PBXFileReference; explicitFileType = sourcecode.cpp.cpp; fileEncoding = 4; name = ofxToggle.cpp; path = ../../../addons/ofxGui/src/ofxToggle.cpp; sourceTree = SOURCE_ROOT; };
		"EA449C5E-1F01-456F-8939-73D95E887697" /* ofxFft.h */ = {isa = PBXFileReference; explicitFileType = sourcecode.c.h; fileEncoding = 4; name = ofxFft.h; path = ../../../addons/ofxFft/src/ofxFft.h; sourceTree = SOURCE_ROOT; };
		"EBC23BB9-28AC-4F29-A1AF-0BB2FF3189A2" /* ofxMidiTimecode.h */ = {isa = PBXFileReference; explicitFileType = sourcecode.c.h; fileEncoding = 4; name = ofxMidiTimecode.h; path = ../../../addons/ofxMidi/src/ofxMidiTimecode.h; sourceTree = SOURCE_ROOT; };
		"ECA31964-79FC-4AEA-94A3-DE8B9DAFAF15" /* ofxSliderGroup.h */ = {isa = PBXFileReference; explicitFileType = sourcecode.c.h; fileEncoding = 4; name = ofxSliderGroup.h; path = ../../../addons/ofxGui/src/ofxSliderGroup.h; sourceTree = SOURCE_ROOT; };
		"ECC77CF2-01D0-48D0-8111-072BB21CFB4E" /* ofxUnitTests.h */ = {isa = PBXFileReference; explicitFileType = sourcecode.c.h; fileEncoding = 4; name = ofxUnitTests.h; path = ../../../addons/ofxUnitTests/src/ofxUnitTests.h; sourceTree = SOURCE_ROOT; };
		"EE70852C-3614-4E4B-82F3-EB42313CCE2A" /* ofxMidiOut.h */ = {isa = PBXFileReference; explicitFileType = sourcecode.c.h; fileEncoding = 4; name = ofxMidiOut.h; path = ../../../addons/ofxMidi/src/ofxMidiOut.h; sourceTree = SOURCE_ROOT; };
		"F8AB0391-48C1-4AAF-894B-1BA0082D29DD" /* ofxButton.h */ = {isa = PBXFileReference; explicitFileType = sourcecode.c.h; fileEncoding = 4; name = ofxButton.h; path = ../../../addons/ofxGui/src/ofxButton.h; sourceTree = SOURCE_ROOT; };
		"FB735723-7A1C-4360-A6B7-A2FE06B61D7D" /* ofxFftBasic.h */ = {isa = PBXFileReference; explicitFileType = sourcecode.c.h; fileEncoding = 4; name = ofxFftBasic.h; path = ../../../addons/ofxFft/src/ofxFftBasic.h; sourceTree = SOURCE_ROOT; };
		"FD39875B-41B7-4CE6-B0A0-B936B5EB512B" /* ofxRtMidiOut.h */ = {isa = PBXFileReference; explicitFileType = sourcecode.c.h; fileEncoding = 4; name = ofxRtMidiOut.h; path = ../../../addons/ofxMidi/src/desktop/ofxRtMidiOut.h; sourceTree = SOURCE_ROOT; };
		"FD99C941-59B1-4B07-A63B-1FAD1CABAD5E" /* ofxColorPicker.cpp */ = {isa = PBXFileReference; explicitFileType = sourcecode.cpp.cpp; fileEncoding = 4; name = ofxColorPicker.cpp; path = ../../../addons/ofxGui/src/ofxColorPicker.cpp; sourceTree = SOURCE_ROOT; };
		"FE98A66D-716A-49FF-A91B-8E473AA90337" /* FFT.cpp */ = {isa = PBXFileReference; explicitFileType = sourcecode.cpp.cpp; fileEncoding = 4; name = FFT.cpp; path = src/FFT.cpp; sourceTree = SOURCE_ROOT; };
/* End PBXFileReference section */

/* Begin PBXFrameworksBuildPhase section */
		E4B69B590A3A1756003C02F2 /* Frameworks */ = {
			isa = PBXFrameworksBuildPhase;
			buildActionMask = 2147483647;
			files = (
				"39E70F9A-2837-496F-8F1A-A79EA1BC76C1" /* CoreMIDI.framework in Frameworks */,
			);
			runOnlyForDeploymentPostprocessing = 0;
		};
/* End PBXFrameworksBuildPhase section */

/* Begin PBXGroup section */
		"07E5CB8D-C0B5-4343-8977-E9C05ED07F78" /* include */ = {
			isa = PBXGroup;
			children = (
				"2D9D77FE-9823-4CF2-90F2-7CAF0E54729D" /* fftw3.h */,
			);
			name = include;
			path = ../../../addons/ofxFft/libs/fftw/include;
			sourceTree = SOURCE_ROOT;
		};
		"14212FFE-39A5-4184-9462-B217CD77D33E" /* src */ = {
			isa = PBXGroup;
			children = (
				"ECC77CF2-01D0-48D0-8111-072BB21CFB4E" /* ofxUnitTests.h */,
			);
			name = src;
			path = ../../../addons/ofxUnitTests/src;
			sourceTree = SOURCE_ROOT;
		};
		"27789A75-0043-4BD9-AB2A-64E190B64AAF" /* frameworks */ = {
			isa = PBXGroup;
			children = (
				"17F94188-D01A-4590-B0A5-42687DFFE1F5" /* CoreMIDI.framework */,
			);
			name = frameworks;
			sourceTree = SOURCE_ROOT;
		};
		"36CB2D54-49A8-4A35-8FB6-B1A8966E5D82" /* rtmidi */ = {
			isa = PBXGroup;
			children = (
				"15480DFF-4125-4050-B30B-70E9553C4053" /* RtMidi.cpp */,
				"69B3BBF4-FEE3-4B78-8A04-93D29D892517" /* RtMidi.h */,
			);
			name = rtmidi;
			path = ../../../addons/ofxMidi/libs/rtmidi;
			sourceTree = SOURCE_ROOT;
		};
		"420E223B-AAD7-40E3-90B1-F78C1F965533" /* kiss */ = {
			isa = PBXGroup;
			children = (
				"63D01AA6-2C23-48EE-A130-64E8FCF33B89" /* _kiss_fft_guts.h */,
				"43D2990C-48E7-4FEA-8827-D1942943D3C9" /* kiss_fft.c */,
				"ABD1035C-9132-431B-8DB1-A1FDDFE2850D" /* kiss_fft.h */,
				"7696301D-9A7E-45F8-9449-8FC62401CD22" /* kiss_fftr.c */,
				"D861A0D0-82D8-48EE-9752-9B74569A2C88" /* kiss_fftr.h */,
			);
			name = kiss;
			path = ../../../addons/ofxFft/libs/kiss;
			sourceTree = SOURCE_ROOT;
		};
		"583B4860-1555-495A-8376-C17258A72188" /* fftw */ = {
			isa = PBXGroup;
			children = (
				"07E5CB8D-C0B5-4343-8977-E9C05ED07F78" /* include */,
			);
			name = fftw;
			path = ../../../addons/ofxFft/libs/fftw;
			sourceTree = SOURCE_ROOT;
		};
		"7FAC3CBB-3BF5-4C73-811F-58C701BB8506" /* ofxFft */ = {
			isa = PBXGroup;
			children = (
				"C5BA6D19-0E0F-44B9-AC02-CE44AC3A8BBC" /* libs */,
				"EA0C5A39-837A-49A5-9EB1-0AE03D02C541" /* src */,
			);
			name = ofxFft;
			path = ../../../addons/ofxFft;
			sourceTree = SOURCE_ROOT;
		};
		"9C36F621-BBF4-4A24-A17D-961DBED04C4E" /* src */ = {
			isa = PBXGroup;
			children = (
				"C909B765-C30C-4F34-8E64-B1810A4BE9AA" /* ofxBaseGui.cpp */,
				"CBFAEC5F-252D-4B10-B4D0-0A16E04CEB39" /* ofxBaseGui.h */,
				"CBA463A4-A383-4EEA-9520-F8F7D27E2F77" /* ofxButton.cpp */,
				"F8AB0391-48C1-4AAF-894B-1BA0082D29DD" /* ofxButton.h */,
				"FD99C941-59B1-4B07-A63B-1FAD1CABAD5E" /* ofxColorPicker.cpp */,
				"15E7CACE-ABC0-48F7-BA25-D14510FAA686" /* ofxColorPicker.h */,
				"2150CAB2-E96B-4800-A8DA-4A5305538473" /* ofxGui.h */,
				"C8FAB1A6-E271-4041-814B-692125428869" /* ofxGuiGroup.cpp */,
				"59F7F914-BA9E-4715-88BF-1C47C31D827C" /* ofxGuiGroup.h */,
				"C598FEE3-EFC2-43F6-9CF9-2E1993793C5C" /* ofxGuiUtils.h */,
				"7240DD05-9211-4FE6-B45E-7FB268AB6572" /* ofxInputField.cpp */,
				"C780CB2D-3834-4C54-B1D0-FE60CF317382" /* ofxInputField.h */,
				"7DE299D0-CEA3-44C4-95DF-DC4D732A3BB3" /* ofxLabel.cpp */,
				"1C815B59-DF13-428B-9035-DC5E8860A36B" /* ofxLabel.h */,
				"1FBA158E-D901-4227-A107-7219C3B5A195" /* ofxPanel.cpp */,
				"56E346E2-1F45-4EAF-84B8-3C45B0B051A2" /* ofxPanel.h */,
				"B7DCE8A4-0B4D-428B-A704-475EC761098D" /* ofxSlider.cpp */,
				"306DFAF3-F125-44FE-8C3C-2B7A12673283" /* ofxSlider.h */,
				"2B5D0CEB-AF39-44F9-AA50-D9BA573B6968" /* ofxSliderGroup.cpp */,
				"ECA31964-79FC-4AEA-94A3-DE8B9DAFAF15" /* ofxSliderGroup.h */,
				"E5C156EA-01AA-4C29-824E-0C88A6C20B1C" /* ofxToggle.cpp */,
				"D27B082E-D421-433D-AABF-88026466C5B2" /* ofxToggle.h */,
			);
			name = src;
			path = ../../../addons/ofxGui/src;
			sourceTree = SOURCE_ROOT;
		};
		AA4AE1412BAF590300D15D2C /* EnvelopeFollower */ = {
			isa = PBXGroup;
			children = (
				AA4AE13E2BAF58F500D15D2C /* EnvelopeFollower.cpp */,
				AA4AE13F2BAF58F500D15D2C /* EnvelopeFollower.hpp */,
			);
			name = EnvelopeFollower;
			sourceTree = "<group>";
		};
		AA4AE1422BAF60A500D15D2C /* UnitTests */ = {
			isa = PBXGroup;
			children = (
				AA4AE1442BAF60EF00D15D2C /* UnitTests.cpp */,
				AA4AE1452BAF60EF00D15D2C /* UnitTests.hpp */,
				AA4AE1482BAF617B00D15D2C /* EnvelopeFollowerTests.hpp */,
			);
			path = UnitTests;
			sourceTree = "<group>";
		};
		"B85A78D4-2B34-4DAD-907B-62A7FD6C70DB" /* ofxMidi */ = {
			isa = PBXGroup;
			children = (
				"BED63570-36C5-4118-9BF7-78A899AB3B63" /* libs */,
				"DB41D5B2-C752-4B06-82BD-211DC02A36E9" /* src */,
				"27789A75-0043-4BD9-AB2A-64E190B64AAF" /* frameworks */,
			);
			name = ofxMidi;
			path = ../../../addons/ofxMidi;
			sourceTree = SOURCE_ROOT;
		};
		"BADA7E2F-D5AD-4BBA-84E6-6B3EAEEA6940" /* ofxGui */ = {
			isa = PBXGroup;
			children = (
				"9C36F621-BBF4-4A24-A17D-961DBED04C4E" /* src */,
			);
			name = ofxGui;
			path = ../../../addons/ofxGui;
			sourceTree = SOURCE_ROOT;
		};
		BB4B014C10F69532006C3DED /* addons */ = {
			isa = PBXGroup;
			children = (
				"EAF23480-23ED-4A03-9404-D7516A54DCF8" /* ofxDropdown */,
				"7FAC3CBB-3BF5-4C73-811F-58C701BB8506" /* ofxFft */,
				"BADA7E2F-D5AD-4BBA-84E6-6B3EAEEA6940" /* ofxGui */,
				"B85A78D4-2B34-4DAD-907B-62A7FD6C70DB" /* ofxMidi */,
				"CD07EBA4-D9C2-43AC-9BDD-71BA7CC4EB62" /* ofxUnitTests */,
			);
			name = addons;
			path = ../../../addons;
			sourceTree = "<group>";
		};
		"BED63570-36C5-4118-9BF7-78A899AB3B63" /* libs */ = {
			isa = PBXGroup;
			children = (
				"36CB2D54-49A8-4A35-8FB6-B1A8966E5D82" /* rtmidi */,
			);
			name = libs;
			path = ../../../addons/ofxMidi/libs;
			sourceTree = SOURCE_ROOT;
		};
		"C5BA6D19-0E0F-44B9-AC02-CE44AC3A8BBC" /* libs */ = {
			isa = PBXGroup;
			children = (
				"583B4860-1555-495A-8376-C17258A72188" /* fftw */,
				"420E223B-AAD7-40E3-90B1-F78C1F965533" /* kiss */,
			);
			name = libs;
			path = ../../../addons/ofxFft/libs;
			sourceTree = SOURCE_ROOT;
		};
		"CD07EBA4-D9C2-43AC-9BDD-71BA7CC4EB62" /* ofxUnitTests */ = {
			isa = PBXGroup;
			children = (
				"14212FFE-39A5-4184-9462-B217CD77D33E" /* src */,
			);
			name = ofxUnitTests;
			path = ../../../addons/ofxUnitTests;
			sourceTree = SOURCE_ROOT;
		};
		"D287A9BD-4711-40A2-A01B-D45B10986A33" /* src */ = {
			isa = PBXGroup;
			children = (
				"C6276D91-1935-4ACB-8785-ABB6E1592074" /* ofxDropdown.cpp */,
				"69552FCA-95FD-403A-8A10-E71F3FD25252" /* ofxDropdown.h */,
				"81D73AFB-E5EF-480A-8A64-524947103F89" /* ofxDropdownOption.cpp */,
				"501D652F-B47A-4100-BFE7-B2050F6843B7" /* ofxDropdownOption.hpp */,
			);
			name = src;
			path = ../../../addons/ofxDropdown/src;
			sourceTree = SOURCE_ROOT;
		};
		"DB41D5B2-C752-4B06-82BD-211DC02A36E9" /* src */ = {
			isa = PBXGroup;
			children = (
				"FFA00036-8507-41CF-A526-6577D4C3284A" /* desktop */,
				"B47E627C-6044-41E2-82BF-1BA6263DE17A" /* ofxBaseMidi.cpp */,
				"7BDBA238-D614-4B4A-8CD0-92C514A82EE3" /* ofxBaseMidi.h */,
				"1D097462-4566-4D4C-AC2C-DB036314A199" /* ofxMidi.cpp */,
				"4DCBB30C-6B3F-42BD-B2D7-F3060CC93748" /* ofxMidi.h */,
				"385436EE-E0BF-4B2E-A768-9234B9458AE0" /* ofxMidiClock.cpp */,
				"018781CB-AD21-4051-A14B-998E7A69C408" /* ofxMidiClock.h */,
				"82057502-9893-476C-B6B3-94F72368CC9A" /* ofxMidiConstants.h */,
				"53625E8E-A345-4FEA-912E-EFCD62239D80" /* ofxMidiIn.cpp */,
				"A672337E-76F3-42BC-A9AB-3B7A9E1B8F98" /* ofxMidiIn.h */,
				"3DF37DED-32AA-4D61-9C90-57495B824E81" /* ofxMidiMessage.cpp */,
				"1FFA4F23-505D-49F9-B4F6-9825FA80295E" /* ofxMidiMessage.h */,
				"0721D8E4-D0F3-49FB-A230-7004294C6FEA" /* ofxMidiOut.cpp */,
				"EE70852C-3614-4E4B-82F3-EB42313CCE2A" /* ofxMidiOut.h */,
				"A22F1A59-3563-43C2-86EB-EB00ABEE8672" /* ofxMidiTimecode.cpp */,
				"EBC23BB9-28AC-4F29-A1AF-0BB2FF3189A2" /* ofxMidiTimecode.h */,
				"300D5477-7F15-4B40-A7E4-FB16C311A379" /* ofxMidiTypes.h */,
			);
			name = src;
			path = ../../../addons/ofxMidi/src;
			sourceTree = SOURCE_ROOT;
		};
		E4B69B4A0A3A1720003C02F2 = {
			isa = PBXGroup;
			children = (
				191CD6FA2847E21E0085CBB6 /* of.entitlements */,
				E4B6FCAD0C3E899E008CF71C /* openFrameworks-Info.plist */,
				E4EB6923138AFD0F00A09F29 /* Project.xcconfig */,
				E4B69E1C0A3A1BDC003C02F2 /* src */,
				191EF70929D778A400F35F26 /* openFrameworks */,
				BB4B014C10F69532006C3DED /* addons */,
				E4B69B5B0A3A1756003C02F2 /* granularDebug.app */,
			);
			sourceTree = "<group>";
		};
		E4B69E1C0A3A1BDC003C02F2 /* src */ = {
			isa = PBXGroup;
			children = (
				AA4AE1422BAF60A500D15D2C /* UnitTests */,
				E4B69E1D0A3A1BDC003C02F2 /* main.cpp */,
				E4B69E1E0A3A1BDC003C02F2 /* ofApp.cpp */,
				E4B69E1F0A3A1BDC003C02F2 /* ofApp.h */,
				"C67ED31F-CF5B-4BF8-AE57-CBA05D4F328D" /* AudioFile.h */,
				"2CD429B7-6A58-49BD-A9A5-3927BE59F8F0" /* AudioFileUtilities.cpp */,
				"FE98A66D-716A-49FF-A91B-8E473AA90337" /* FFT.cpp */,
				"DD848FFD-3F2E-4A42-B636-67D01A008920" /* FFT.hpp */,
				"1B10D037-89B4-42A9-9C1A-C55BBBB2599D" /* Granular.cpp */,
				"8989A13D-1BB5-489D-BB58-1D0839AEDA7F" /* Granular.hpp */,
				"72B40851-CA8E-4FAB-ACE5-0A7ECDB3E639" /* MonoFilePlayer.cpp */,
				"CD4F01D4-79DC-4E07-B0F7-E5BD03775628" /* MonoFilePlayer.h */,
				"98710BDB-BA4F-4AB2-B729-56BDAC6CB285" /* Processor.cpp */,
				"565A6194-8509-432B-9CA0-BCC6F876F3B2" /* Processor.hpp */,
				"9E0FDD2A-8012-44E0-AA19-634A7C574DE0" /* Utils.h */,
				"5832A87A-378E-41D5-9377-7D1D90BD55D3" /* sample.mp3 */,
				"8BC02256-D5C3-4261-81BF-5FF0C2075765" /* sample.mp3.asd */,
				"DD187FD6-6CFC-4F0D-A863-6D3C3703AF26" /* sample.wav.asd */,
				"0624313A-EE7A-48AD-B5AA-CE1F71D3D368" /* sample[drum.wav */,
				"C1497313-DA92-4909-A7CF-31173BD0E03A" /* sample[harmonic].wav */,
				"61F5F3D2-0020-4E37-BB6B-F8D7453B6159" /* sample[piano].wav */,
				"32E34F14-E0A7-469A-8CE1-30596E304D3F" /* sample[voice].wav */,
				"17903009-15C5-41E1-B7C8-EC5107725494" /* video.mp4 */,
				AAA686962B8F89230010E21A /* Spatializer.cpp */,
				AAA686972B8F89230010E21A /* Spatializer.hpp */,
				AAF1BC302BAA499F005EA5D9 /* GrainSliders.cpp */,
				AAF1BC312BAA499F005EA5D9 /* GrainSliders.hpp */,
				AA4AE1412BAF590300D15D2C /* EnvelopeFollower */,
			);
			path = src;
			sourceTree = SOURCE_ROOT;
		};
		"EA0C5A39-837A-49A5-9EB1-0AE03D02C541" /* src */ = {
			isa = PBXGroup;
			children = (
				"2B24C6DF-C489-48A7-AFD6-0C9DF3F3A667" /* ofxEasyFft.cpp */,
				"A2A0578F-1C44-494C-A035-3686295E7C98" /* ofxEasyFft.h */,
				"13E40D0A-98EA-4BD2-B463-E304A40AF3B9" /* ofxFft.cpp */,
				"EA449C5E-1F01-456F-8939-73D95E887697" /* ofxFft.h */,
				"18FD32AC-2B1B-4AD1-AECA-CA08B518A426" /* ofxFftBasic.cpp */,
				"FB735723-7A1C-4360-A6B7-A2FE06B61D7D" /* ofxFftBasic.h */,
				"899D1E27-8BFF-4CBD-A4CD-2D95AAA2520E" /* ofxFftw.cpp */,
				"AAADB988-9126-4535-801A-E7A48E1CFCC6" /* ofxFftw.h */,
				"CFD43845-0725-4E48-B001-57A92D3AE084" /* ofxProcessFFT.cpp */,
				"7A791DA1-4076-4662-AD7B-1B9953DDC8CC" /* ofxProcessFFT.h */,
			);
			name = src;
			path = ../../../addons/ofxFft/src;
			sourceTree = SOURCE_ROOT;
		};
		"EAF23480-23ED-4A03-9404-D7516A54DCF8" /* ofxDropdown */ = {
			isa = PBXGroup;
			children = (
				"D287A9BD-4711-40A2-A01B-D45B10986A33" /* src */,
			);
			name = ofxDropdown;
			path = ../../../addons/ofxDropdown;
			sourceTree = SOURCE_ROOT;
		};
		"FFA00036-8507-41CF-A526-6577D4C3284A" /* desktop */ = {
			isa = PBXGroup;
			children = (
				"A27C8287-E752-4989-A63F-6BF17A33F6E0" /* ofxRtMidiIn.cpp */,
				"6D53307B-E22E-4945-A80E-AE0A2556F449" /* ofxRtMidiIn.h */,
				"78E3F4AF-D263-4C0C-8FB0-E8FD8B68AB34" /* ofxRtMidiOut.cpp */,
				"FD39875B-41B7-4CE6-B0A0-B936B5EB512B" /* ofxRtMidiOut.h */,
			);
			name = desktop;
			path = ../../../addons/ofxMidi/src/desktop;
			sourceTree = SOURCE_ROOT;
		};
/* End PBXGroup section */

/* Begin PBXNativeTarget section */
		E4B69B5A0A3A1756003C02F2 /* granular */ = {
			isa = PBXNativeTarget;
			buildConfigurationList = E4B69B5F0A3A1757003C02F2 /* Build configuration list for PBXNativeTarget "granular" */;
			buildPhases = (
				E42962A92163ECCD00A6A9E2 /* Run Script — Compile OF */,
				E4B69B580A3A1756003C02F2 /* Sources */,
				E4B69B590A3A1756003C02F2 /* Frameworks */,
				E4C2427710CC5ABF004149E2 /* CopyFiles */,
				E4A5B60F29BAAAE400C2D356 /* CopyFiles */,
				19B789C429E5AB4A0082E9B8 /* ShellScript */,
			);
			buildRules = (
			);
			dependencies = (
			);
			name = granular;
			productName = myOFApp;
			productReference = E4B69B5B0A3A1756003C02F2 /* granularDebug.app */;
			productType = "com.apple.product-type.application";
		};
/* End PBXNativeTarget section */

/* Begin PBXProject section */
		E4B69B4C0A3A1720003C02F2 /* Project object */ = {
			isa = PBXProject;
			attributes = {
				LastUpgradeCheck = 0600;
			};
			buildConfigurationList = E4B69B4D0A3A1720003C02F2 /* Build configuration list for PBXProject "granular" */;
			compatibilityVersion = "Xcode 3.2";
			developmentRegion = en;
			hasScannedForEncodings = 0;
			knownRegions = (
				en,
				Base,
			);
			mainGroup = E4B69B4A0A3A1720003C02F2;
			productRefGroup = E4B69B4A0A3A1720003C02F2;
			projectDirPath = "";
			projectRoot = "";
			targets = (
				E4B69B5A0A3A1756003C02F2 /* granular */,
			);
		};
/* End PBXProject section */

/* Begin PBXShellScriptBuildPhase section */
		19B789C429E5AB4A0082E9B8 /* ShellScript */ = {
			isa = PBXShellScriptBuildPhase;
			buildActionMask = 2147483647;
			files = (
			);
			inputFileListPaths = (
			);
			inputPaths = (
			);
			outputFileListPaths = (
			);
			outputPaths = (
			);
			runOnlyForDeploymentPostprocessing = 0;
			shellPath = /bin/sh;
			shellScript = "\"$OF_PATH/scripts/osx/xcode_project.sh\"\n";
			showEnvVarsInLog = 0;
		};
		E42962A92163ECCD00A6A9E2 /* Run Script — Compile OF */ = {
			isa = PBXShellScriptBuildPhase;
			alwaysOutOfDate = 1;
			buildActionMask = 2147483647;
			files = (
			);
			inputPaths = (
			);
			name = "Run Script — Compile OF";
			outputPaths = (
			);
			runOnlyForDeploymentPostprocessing = 0;
			shellPath = /bin/sh;
			shellScript = "echo \"💾 Compiling Openframeworks\"\nxcodebuild -project \"$OF_PATH/libs/openFrameworksCompiled/project/osx/openFrameworksLib.xcodeproj\" -target openFrameworks -configuration \"${CONFIGURATION}\"  CLANG_CXX_LANGUAGE_STANDARD=$CLANG_CXX_LANGUAGE_STANDARD MACOSX_DEPLOYMENT_TARGET=$MACOSX_DEPLOYMENT_TARGET GCC_PREPROCESSOR_DEFINITIONS=$USER_PREPROCESSOR_DEFINITIONS\n";
			showEnvVarsInLog = 0;
		};
/* End PBXShellScriptBuildPhase section */

/* Begin PBXSourcesBuildPhase section */
		E4B69B580A3A1756003C02F2 /* Sources */ = {
			isa = PBXSourcesBuildPhase;
			buildActionMask = 2147483647;
			files = (
				E4B69E200A3A1BDC003C02F2 /* main.cpp in Sources */,
				AA4AE1462BAF60EF00D15D2C /* UnitTests.cpp in Sources */,
				E4B69E210A3A1BDC003C02F2 /* ofApp.cpp in Sources */,
				"5B70E1F8-FF72-4FD4-B153-11FF6F2DD5E0" /* AudioFileUtilities.cpp in Sources */,
				"56F36B86-1C4D-4E84-BA76-CDB66719AF99" /* FFT.cpp in Sources */,
				"A4742F9B-C0BA-40D9-A2B0-BDA724193BED" /* Granular.cpp in Sources */,
				"38AA1587-84F6-4FDE-88A3-AF32F3159947" /* MonoFilePlayer.cpp in Sources */,
				"807704C5-0211-4068-9E32-052F200439C0" /* Processor.cpp in Sources */,
				"25841E43-F152-48DD-B60E-E7B2B583125E" /* sample.mp3 in Sources */,
				AAA686982B8F89230010E21A /* Spatializer.cpp in Sources */,
				"05D9698B-D681-4A93-9461-A33CB4A94BF5" /* sample.mp3.asd in Sources */,
				"D150EADE-1383-4370-A32F-942DC4CA0DBD" /* sample.wav.asd in Sources */,
				"22133DC6-FA93-4D91-9909-E1A993035024" /* sample[drum.wav in Sources */,
				"41531E72-1C28-4786-A9ED-537C0EAFC72C" /* sample[harmonic].wav in Sources */,
				"00BF60F1-5771-4340-A27D-E25837805E55" /* sample[piano].wav in Sources */,
				"BABE1C98-D0EF-4713-AF60-C3941A01DE4F" /* sample[voice].wav in Sources */,
				"DEA942C3-62D7-4BBC-9F67-6CF5606CB509" /* video.mp4 in Sources */,
				"600A2D41-42AB-4E8D-A3BF-FCEE3467F572" /* ofxDropdown.cpp in Sources */,
				"9D39AE2E-5BD1-4881-9E4D-9730C38C9FF9" /* ofxDropdownOption.cpp in Sources */,
				"CAF18752-BCDC-43B5-BF6A-0241E91C3680" /* kiss_fft.c in Sources */,
				"DE65360E-4A2A-4141-9244-673537EBE8D6" /* kiss_fftr.c in Sources */,
				"A221DE59-6BC9-4A69-89D5-D576FD505BB8" /* ofxEasyFft.cpp in Sources */,
				"0C424BD0-430A-4D20-8284-D632941E889D" /* ofxFft.cpp in Sources */,
				"24A78302-55E1-4907-84E0-DB191DF2BE6A" /* ofxFftBasic.cpp in Sources */,
				"629ABD65-471B-482D-A1B2-0BB6D8105587" /* ofxFftw.cpp in Sources */,
				AAF1BC322BAA499F005EA5D9 /* GrainSliders.cpp in Sources */,
				"FE8B2920-EE1A-4DC7-AD90-395A4726C23F" /* ofxProcessFFT.cpp in Sources */,
				"91F227D9-F276-42ED-AC5D-84522475E41D" /* ofxBaseGui.cpp in Sources */,
				"217D686A-14A4-4887-8FCD-18B207BC1551" /* ofxButton.cpp in Sources */,
				"55EDB285-D99C-42D5-96BF-8B766F956E29" /* ofxColorPicker.cpp in Sources */,
				AA4AE1402BAF58F500D15D2C /* EnvelopeFollower.cpp in Sources */,
				"9602A11F-176F-4269-B118-077F9220B436" /* ofxGuiGroup.cpp in Sources */,
				"89F49606-473F-4321-8DEB-66F574EAD10D" /* ofxInputField.cpp in Sources */,
				"303450C6-5FA8-4157-87C7-D01DC275E753" /* ofxLabel.cpp in Sources */,
				"9530E727-89BA-422F-8473-ED27995C332E" /* ofxPanel.cpp in Sources */,
				"826055D5-B7F8-41FB-B938-417EDA4DAB94" /* ofxSlider.cpp in Sources */,
				"212FE41F-75F4-49E4-B81C-CA2EE251E318" /* ofxSliderGroup.cpp in Sources */,
				"E129C720-78E1-44C3-824F-977CB96C6F32" /* ofxToggle.cpp in Sources */,
				"67B80525-BD61-4D8D-9670-818A00FD617A" /* RtMidi.cpp in Sources */,
				"EC3C8D9B-9959-41AD-ACA4-4EC5DB0460D0" /* ofxRtMidiIn.cpp in Sources */,
				"B6EB79EB-EB65-40FD-A2E0-7FF3FC6B8DD9" /* ofxRtMidiOut.cpp in Sources */,
				"12EBBDB8-4DB5-4503-B642-36562992B95F" /* ofxBaseMidi.cpp in Sources */,
				"7E231438-B9D8-4EE5-86A9-1D4688D27FB3" /* ofxMidi.cpp in Sources */,
				"508D070F-2610-43F6-AA0C-F2F6DB0F64F0" /* ofxMidiClock.cpp in Sources */,
				"2F8FDF99-C3A0-49FF-A0A2-2F601824A2E5" /* ofxMidiIn.cpp in Sources */,
				"C896A089-BF04-4B9A-AA7C-83A1FA066FD4" /* ofxMidiMessage.cpp in Sources */,
				"E13ED800-978F-4ED5-9756-96F04585240A" /* ofxMidiOut.cpp in Sources */,
				"BD60E349-9273-4010-A0FF-989F8EA7599D" /* ofxMidiTimecode.cpp in Sources */,
			);
			runOnlyForDeploymentPostprocessing = 0;
		};
/* End PBXSourcesBuildPhase section */

/* Begin XCBuildConfiguration section */
		E4B69B4E0A3A1720003C02F2 /* Debug */ = {
			isa = XCBuildConfiguration;
			baseConfigurationReference = E4EB6923138AFD0F00A09F29 /* Project.xcconfig */;
			buildSettings = {
				CODE_SIGN_ENTITLEMENTS = of.entitlements;
				COPY_PHASE_STRIP = NO;
				ENABLE_TESTABILITY = YES;
				GCC_OPTIMIZATION_LEVEL = 0;
				GCC_WARN_UNUSED_VARIABLE = NO;
				HEADER_SEARCH_PATHS = (
					"$(OF_CORE_HEADERS)",
					src,
				);
				OTHER_CPLUSPLUSFLAGS = "-D__MACOSX_CORE__";
			};
			name = Debug;
		};
		E4B69B4F0A3A1720003C02F2 /* Release */ = {
			isa = XCBuildConfiguration;
			baseConfigurationReference = E4EB6923138AFD0F00A09F29 /* Project.xcconfig */;
			buildSettings = {
				CODE_SIGN_ENTITLEMENTS = of.entitlements;
				COPY_PHASE_STRIP = YES;
				GCC_OPTIMIZATION_LEVEL = 3;
				GCC_UNROLL_LOOPS = YES;
				HEADER_SEARCH_PATHS = (
					"$(OF_CORE_HEADERS)",
					src,
				);
				OTHER_CPLUSPLUSFLAGS = "-D__MACOSX_CORE__";
			};
			name = Release;
		};
		E4B69B600A3A1757003C02F2 /* Debug */ = {
			isa = XCBuildConfiguration;
			baseConfigurationReference = E4EB6923138AFD0F00A09F29 /* Project.xcconfig */;
			buildSettings = {
				ARCHS = "$(ARCHS_STANDARD)";
				COPY_PHASE_STRIP = NO;
				FRAMEWORK_SEARCH_PATHS = (
					"$(inherited)",
					/System/Library/Frameworks,
				);
				GCC_DYNAMIC_NO_PIC = NO;
				GCC_PREPROCESSOR_DEFINITIONS = USE_OFX_DROPDOWN;
				HEADER_SEARCH_PATHS = (
					"$(OF_CORE_HEADERS)",
					src,
					src,
					../../../addons/ofxDropdown/src,
					../../../addons/ofxFft/libs,
					../../../addons/ofxFft/libs/fftw,
					../../../addons/ofxFft/libs/fftw/include,
					../../../addons/ofxFft/libs/fftw/lib,
					../../../addons/ofxFft/libs/kiss,
					../../../addons/ofxFft/src,
					../../../addons/ofxGui/src,
					../../../addons/ofxMidi/libs,
					../../../addons/ofxMidi/libs/pgmidi,
					../../../addons/ofxMidi/libs/rtmidi,
					../../../addons/ofxMidi/src,
					../../../addons/ofxMidi/src/desktop,
					../../../addons/ofxMidi/src/ios,
					../../../addons/ofxUnitTests/src,
					/opt/homebrew/Cellar/libsndfile/1.2.2/include,
					/Users/jhoopes/code/libraries/kissfft,
					/Users/jhoopes/code/libraries/kissfft,
					/Users/jhoopes/code/libraries/kissfft,
					/Users/jhoopes/code/libraries/kissfft,
					/Users/jhoopes/code/libraries/kissfft,
				);
				LIBRARY_SEARCH_PATHS = (
					"$(inherited)",
					/Users/jhoopes/code/libraries/kissfft/build,
				);
				OTHER_LDFLAGS = (
					"$(OF_CORE_LIBS)",
					"$(OF_CORE_FRAMEWORKS)",
					"$(LIB_OF_DEBUG)",
					/opt/homebrew/Cellar/libsndfile/1.2.2/lib/libsndfile.dylib,
					"/Users/jhoopes/code/libraries/kissfft/build/libkissfft-float.131.dylib",
				);
			};
			name = Debug;
		};
		E4B69B610A3A1757003C02F2 /* Release */ = {
			isa = XCBuildConfiguration;
			baseConfigurationReference = E4EB6923138AFD0F00A09F29 /* Project.xcconfig */;
			buildSettings = {
				ARCHS = "$(ARCHS_STANDARD)";
				COPY_PHASE_STRIP = YES;
				FRAMEWORK_SEARCH_PATHS = (
					"$(inherited)",
					/System/Library/Frameworks,
				);
				GCC_PREPROCESSOR_DEFINITIONS = USE_OFX_DROPDOWN;
				HEADER_SEARCH_PATHS = (
					"$(OF_CORE_HEADERS)",
					src,
					src,
					../../../addons/ofxDropdown/src,
					../../../addons/ofxFft/libs,
					../../../addons/ofxFft/libs/fftw,
					../../../addons/ofxFft/libs/fftw/include,
					../../../addons/ofxFft/libs/fftw/lib,
					../../../addons/ofxFft/libs/kiss,
					../../../addons/ofxFft/src,
					../../../addons/ofxGui/src,
					../../../addons/ofxMidi/libs,
					../../../addons/ofxMidi/libs/pgmidi,
					../../../addons/ofxMidi/libs/rtmidi,
					../../../addons/ofxMidi/src,
					../../../addons/ofxMidi/src/desktop,
					../../../addons/ofxMidi/src/ios,
					../../../addons/ofxUnitTests/src,
					/opt/homebrew/Cellar/libsndfile/1.2.2/include,
					/Users/jhoopes/code/libraries/kissfft,
					/Users/jhoopes/code/libraries/kissfft,
					/Users/jhoopes/code/libraries/kissfft,
					/Users/jhoopes/code/libraries/kissfft,
					/Users/jhoopes/code/libraries/kissfft,
				);
				LIBRARY_SEARCH_PATHS = (
					"$(inherited)",
					/Users/jhoopes/code/libraries/kissfft/build,
				);
				OTHER_LDFLAGS = (
					"$(OF_CORE_LIBS)",
					"$(OF_CORE_FRAMEWORKS)",
					"$(LIB_OF)",
					/opt/homebrew/Cellar/libsndfile/1.2.2/lib/libsndfile.dylib,
					"/Users/jhoopes/code/libraries/kissfft/build/libkissfft-float.131.dylib",
				);
				baseConfigurationReference = E4EB6923138AFD0F00A09F29;
			};
			name = Release;
		};
/* End XCBuildConfiguration section */

/* Begin XCConfigurationList section */
		E4B69B4D0A3A1720003C02F2 /* Build configuration list for PBXProject "granular" */ = {
			isa = XCConfigurationList;
			buildConfigurations = (
				E4B69B4E0A3A1720003C02F2 /* Debug */,
				E4B69B4F0A3A1720003C02F2 /* Release */,
			);
			defaultConfigurationIsVisible = 0;
			defaultConfigurationName = Release;
		};
		E4B69B5F0A3A1757003C02F2 /* Build configuration list for PBXNativeTarget "granular" */ = {
			isa = XCConfigurationList;
			buildConfigurations = (
				E4B69B600A3A1757003C02F2 /* Debug */,
				E4B69B610A3A1757003C02F2 /* Release */,
			);
			defaultConfigurationIsVisible = 0;
			defaultConfigurationName = Release;
		};
/* End XCConfigurationList section */
	};
	rootObject = E4B69B4C0A3A1720003C02F2 /* Project object */;
}
